{
    "name": "separated-text-composer-usage-demo",
    "lockfileVersion": 2,
    "requires": true,
    "packages": {
        "": {
            "name": "separated-text-composer-usage-demo",
            "dependencies": {
                "separated-text-composer": "1.0.3"
            }
        },
        "node_modules/separated-text-composer": {
            "version": "1.0.3",
            "resolved": "https://registry.npmjs.org/separated-text-composer/-/separated-text-composer-1.0.3.tgz",
            "integrity": "sha512-IE/axdXOJ+szaQamLulbyoCM/GpkpDqPdjiTt5DHKid9kbxlQ3AumHGltJBy25Vz/dJf34S9BI+2r/GhTQPfpg=="
        }
    },
    "dependencies": {
        "separated-text-composer": {
            "version": "1.0.3",
            "resolved": "https://registry.npmjs.org/separated-text-composer/-/separated-text-composer-1.0.3.tgz",
            "integrity": "sha512-IE/axdXOJ+szaQamLulbyoCM/GpkpDqPdjiTt5DHKid9kbxlQ3AumHGltJBy25Vz/dJf34S9BI+2r/GhTQPfpg=="
        }
    }
}
